// !$*UTF8*$!
{
	archiveVersion = 1;
	classes = {
	};
	objectVersion = 56;
	objects = {

/* Begin PBXBuildFile section */
		40A720012B4E8E1800B3836F /* LootApp.swift in Sources */ = {isa = PBXBuildFile; fileRef = 40A720002B4E8E1800B3836F /* LootApp.swift */; };
		40A720032B4E8E1800B3836F /* ContentView.swift in Sources */ = {isa = PBXBuildFile; fileRef = 40A720022B4E8E1800B3836F /* ContentView.swift */; };
		40A720052B4E8E1A00B3836F /* Assets.xcassets in Resources */ = {isa = PBXBuildFile; fileRef = 40A720042B4E8E1A00B3836F /* Assets.xcassets */; };
		40A720082B4E8E1A00B3836F /* Preview Assets.xcassets in Resources */ = {isa = PBXBuildFile; fileRef = 40A720072B4E8E1A00B3836F /* Preview Assets.xcassets */; };
		40A720122B4E8E1B00B3836F /* LootTests.swift in Sources */ = {isa = PBXBuildFile; fileRef = 40A720112B4E8E1B00B3836F /* LootTests.swift */; };
		40A7201C2B4E8E1B00B3836F /* LootUITests.swift in Sources */ = {isa = PBXBuildFile; fileRef = 40A7201B2B4E8E1B00B3836F /* LootUITests.swift */; };
		40A7201E2B4E8E1B00B3836F /* LootUITestsLaunchTests.swift in Sources */ = {isa = PBXBuildFile; fileRef = 40A7201D2B4E8E1B00B3836F /* LootUITestsLaunchTests.swift */; };
		40A7202B2B4E909600B3836F /* AddItemView.swift in Sources */ = {isa = PBXBuildFile; fileRef = 40A7202A2B4E909600B3836F /* AddItemView.swift */; };
		40A7202D2B4EA09400B3836F /* ANSWERS.md in Resources */ = {isa = PBXBuildFile; fileRef = 40A7202C2B4EA09400B3836F /* ANSWERS.md */; };
		40A7202F2B4EADCE00B3836F /* LootItem.swift in Sources */ = {isa = PBXBuildFile; fileRef = 40A7202E2B4EADCE00B3836F /* LootItem.swift */; };
		40A720312B4EAF6D00B3836F /* Game.swift in Sources */ = {isa = PBXBuildFile; fileRef = 40A720302B4EAF6D00B3836F /* Game.swift */; };
/* End PBXBuildFile section */

/* Begin PBXContainerItemProxy section */
		40A7200E2B4E8E1B00B3836F /* PBXContainerItemProxy */ = {
			isa = PBXContainerItemProxy;
			containerPortal = 40A71FF52B4E8E1800B3836F /* Project object */;
			proxyType = 1;
			remoteGlobalIDString = 40A71FFC2B4E8E1800B3836F;
			remoteInfo = Loot;
		};
		40A720182B4E8E1B00B3836F /* PBXContainerItemProxy */ = {
			isa = PBXContainerItemProxy;
			containerPortal = 40A71FF52B4E8E1800B3836F /* Project object */;
			proxyType = 1;
			remoteGlobalIDString = 40A71FFC2B4E8E1800B3836F;
			remoteInfo = Loot;
		};
/* End PBXContainerItemProxy section */

/* Begin PBXFileReference section */
		40A71FFD2B4E8E1800B3836F /* Loot.app */ = {isa = PBXFileReference; explicitFileType = wrapper.application; includeInIndex = 0; path = Loot.app; sourceTree = BUILT_PRODUCTS_DIR; };
		40A720002B4E8E1800B3836F /* LootApp.swift */ = {isa = PBXFileReference; lastKnownFileType = sourcecode.swift; path = LootApp.swift; sourceTree = "<group>"; };
		40A720022B4E8E1800B3836F /* ContentView.swift */ = {isa = PBXFileReference; lastKnownFileType = sourcecode.swift; path = ContentView.swift; sourceTree = "<group>"; };
		40A720042B4E8E1A00B3836F /* Assets.xcassets */ = {isa = PBXFileReference; lastKnownFileType = folder.assetcatalog; path = Assets.xcassets; sourceTree = "<group>"; };
		40A720072B4E8E1A00B3836F /* Preview Assets.xcassets */ = {isa = PBXFileReference; lastKnownFileType = folder.assetcatalog; path = "Preview Assets.xcassets"; sourceTree = "<group>"; };
		40A7200D2B4E8E1B00B3836F /* LootTests.xctest */ = {isa = PBXFileReference; explicitFileType = wrapper.cfbundle; includeInIndex = 0; path = LootTests.xctest; sourceTree = BUILT_PRODUCTS_DIR; };
		40A720112B4E8E1B00B3836F /* LootTests.swift */ = {isa = PBXFileReference; lastKnownFileType = sourcecode.swift; path = LootTests.swift; sourceTree = "<group>"; };
		40A720172B4E8E1B00B3836F /* LootUITests.xctest */ = {isa = PBXFileReference; explicitFileType = wrapper.cfbundle; includeInIndex = 0; path = LootUITests.xctest; sourceTree = BUILT_PRODUCTS_DIR; };
		40A7201B2B4E8E1B00B3836F /* LootUITests.swift */ = {isa = PBXFileReference; lastKnownFileType = sourcecode.swift; path = LootUITests.swift; sourceTree = "<group>"; };
		40A7201D2B4E8E1B00B3836F /* LootUITestsLaunchTests.swift */ = {isa = PBXFileReference; lastKnownFileType = sourcecode.swift; path = LootUITestsLaunchTests.swift; sourceTree = "<group>"; };
		40A7202A2B4E909600B3836F /* AddItemView.swift */ = {isa = PBXFileReference; lastKnownFileType = sourcecode.swift; path = AddItemView.swift; sourceTree = "<group>"; };
		40A7202C2B4EA09400B3836F /* ANSWERS.md */ = {isa = PBXFileReference; lastKnownFileType = net.daringfireball.markdown; path = ANSWERS.md; sourceTree = "<group>"; };
		40A7202E2B4EADCE00B3836F /* LootItem.swift */ = {isa = PBXFileReference; lastKnownFileType = sourcecode.swift; path = LootItem.swift; sourceTree = "<group>"; };
		40A720302B4EAF6D00B3836F /* Game.swift */ = {isa = PBXFileReference; lastKnownFileType = sourcecode.swift; path = Game.swift; sourceTree = "<group>"; };
/* End PBXFileReference section */

/* Begin PBXFrameworksBuildPhase section */
		40A71FFA2B4E8E1800B3836F /* Frameworks */ = {
			isa = PBXFrameworksBuildPhase;
			buildActionMask = 2147483647;
			files = (
			);
			runOnlyForDeploymentPostprocessing = 0;
		};
		40A7200A2B4E8E1B00B3836F /* Frameworks */ = {
			isa = PBXFrameworksBuildPhase;
			buildActionMask = 2147483647;
			files = (
			);
			runOnlyForDeploymentPostprocessing = 0;
		};
		40A720142B4E8E1B00B3836F /* Frameworks */ = {
			isa = PBXFrameworksBuildPhase;
			buildActionMask = 2147483647;
			files = (
			);
			runOnlyForDeploymentPostprocessing = 0;
		};
/* End PBXFrameworksBuildPhase section */

/* Begin PBXGroup section */
		40A71FF42B4E8E1800B3836F = {
			isa = PBXGroup;
			children = (
				40A7202C2B4EA09400B3836F /* ANSWERS.md */,
				40A71FFF2B4E8E1800B3836F /* Loot */,
				40A720102B4E8E1B00B3836F /* LootTests */,
				40A7201A2B4E8E1B00B3836F /* LootUITests */,
				40A71FFE2B4E8E1800B3836F /* Products */,
			);
			sourceTree = "<group>";
		};
		40A71FFE2B4E8E1800B3836F /* Products */ = {
			isa = PBXGroup;
			children = (
				40A71FFD2B4E8E1800B3836F /* Loot.app */,
				40A7200D2B4E8E1B00B3836F /* LootTests.xctest */,
				40A720172B4E8E1B00B3836F /* LootUITests.xctest */,
			);
			name = Products;
			sourceTree = "<group>";
		};
		40A71FFF2B4E8E1800B3836F /* Loot */ = {
			isa = PBXGroup;
			children = (
				40A7202E2B4EADCE00B3836F /* LootItem.swift */,
				40A720002B4E8E1800B3836F /* LootApp.swift */,
				40A720022B4E8E1800B3836F /* ContentView.swift */,
				40A720042B4E8E1A00B3836F /* Assets.xcassets */,
				40A720062B4E8E1A00B3836F /* Preview Content */,
				40A7202A2B4E909600B3836F /* AddItemView.swift */,
				40A720302B4EAF6D00B3836F /* Game.swift */,
			);
			path = Loot;
			sourceTree = "<group>";
		};
		40A720062B4E8E1A00B3836F /* Preview Content */ = {
			isa = PBXGroup;
			children = (
				40A720072B4E8E1A00B3836F /* Preview Assets.xcassets */,
			);
			path = "Preview Content";
			sourceTree = "<group>";
		};
		40A720102B4E8E1B00B3836F /* LootTests */ = {
			isa = PBXGroup;
			children = (
				40A720112B4E8E1B00B3836F /* LootTests.swift */,
			);
			path = LootTests;
			sourceTree = "<group>";
		};
		40A7201A2B4E8E1B00B3836F /* LootUITests */ = {
			isa = PBXGroup;
			children = (
				40A7201B2B4E8E1B00B3836F /* LootUITests.swift */,
				40A7201D2B4E8E1B00B3836F /* LootUITestsLaunchTests.swift */,
			);
			path = LootUITests;
			sourceTree = "<group>";
		};
/* End PBXGroup section */

/* Begin PBXNativeTarget section */
		40A71FFC2B4E8E1800B3836F /* Loot */ = {
			isa = PBXNativeTarget;
			buildConfigurationList = 40A720212B4E8E1B00B3836F /* Build configuration list for PBXNativeTarget "Loot" */;
			buildPhases = (
				40A71FF92B4E8E1800B3836F /* Sources */,
				40A71FFA2B4E8E1800B3836F /* Frameworks */,
				40A71FFB2B4E8E1800B3836F /* Resources */,
			);
			buildRules = (
			);
			dependencies = (
			);
			name = Loot;
			productName = Loot;
			productReference = 40A71FFD2B4E8E1800B3836F /* Loot.app */;
			productType = "com.apple.product-type.application";
		};
		40A7200C2B4E8E1B00B3836F /* LootTests */ = {
			isa = PBXNativeTarget;
			buildConfigurationList = 40A720242B4E8E1B00B3836F /* Build configuration list for PBXNativeTarget "LootTests" */;
			buildPhases = (
				40A720092B4E8E1B00B3836F /* Sources */,
				40A7200A2B4E8E1B00B3836F /* Frameworks */,
				40A7200B2B4E8E1B00B3836F /* Resources */,
			);
			buildRules = (
			);
			dependencies = (
				40A7200F2B4E8E1B00B3836F /* PBXTargetDependency */,
			);
			name = LootTests;
			productName = LootTests;
			productReference = 40A7200D2B4E8E1B00B3836F /* LootTests.xctest */;
			productType = "com.apple.product-type.bundle.unit-test";
		};
		40A720162B4E8E1B00B3836F /* LootUITests */ = {
			isa = PBXNativeTarget;
			buildConfigurationList = 40A720272B4E8E1B00B3836F /* Build configuration list for PBXNativeTarget "LootUITests" */;
			buildPhases = (
				40A720132B4E8E1B00B3836F /* Sources */,
				40A720142B4E8E1B00B3836F /* Frameworks */,
				40A720152B4E8E1B00B3836F /* Resources */,
			);
			buildRules = (
			);
			dependencies = (
				40A720192B4E8E1B00B3836F /* PBXTargetDependency */,
			);
			name = LootUITests;
			productName = LootUITests;
			productReference = 40A720172B4E8E1B00B3836F /* LootUITests.xctest */;
			productType = "com.apple.product-type.bundle.ui-testing";
		};
/* End PBXNativeTarget section */

/* Begin PBXProject section */
		40A71FF52B4E8E1800B3836F /* Project object */ = {
			isa = PBXProject;
			attributes = {
				BuildIndependentTargetsInParallel = 1;
				LastSwiftUpdateCheck = 1420;
				LastUpgradeCheck = 1420;
				TargetAttributes = {
					40A71FFC2B4E8E1800B3836F = {
						CreatedOnToolsVersion = 14.2;
					};
					40A7200C2B4E8E1B00B3836F = {
						CreatedOnToolsVersion = 14.2;
						TestTargetID = 40A71FFC2B4E8E1800B3836F;
					};
					40A720162B4E8E1B00B3836F = {
						CreatedOnToolsVersion = 14.2;
						TestTargetID = 40A71FFC2B4E8E1800B3836F;
					};
				};
			};
			buildConfigurationList = 40A71FF82B4E8E1800B3836F /* Build configuration list for PBXProject "Loot" */;
			compatibilityVersion = "Xcode 14.0";
			developmentRegion = en;
			hasScannedForEncodings = 0;
			knownRegions = (
				en,
				Base,
			);
			mainGroup = 40A71FF42B4E8E1800B3836F;
			productRefGroup = 40A71FFE2B4E8E1800B3836F /* Products */;
			projectDirPath = "";
			projectRoot = "";
			targets = (
				40A71FFC2B4E8E1800B3836F /* Loot */,
				40A7200C2B4E8E1B00B3836F /* LootTests */,
				40A720162B4E8E1B00B3836F /* LootUITests */,
			);
		};
/* End PBXProject section */

/* Begin PBXResourcesBuildPhase section */
		40A71FFB2B4E8E1800B3836F /* Resources */ = {
			isa = PBXResourcesBuildPhase;
			buildActionMask = 2147483647;
			files = (
				40A7202D2B4EA09400B3836F /* ANSWERS.md in Resources */,
				40A720082B4E8E1A00B3836F /* Preview Assets.xcassets in Resources */,
				40A720052B4E8E1A00B3836F /* Assets.xcassets in Resources */,
			);
			runOnlyForDeploymentPostprocessing = 0;
		};
		40A7200B2B4E8E1B00B3836F /* Resources */ = {
			isa = PBXResourcesBuildPhase;
			buildActionMask = 2147483647;
			files = (
			);
			runOnlyForDeploymentPostprocessing = 0;
		};
		40A720152B4E8E1B00B3836F /* Resources */ = {
			isa = PBXResourcesBuildPhase;
			buildActionMask = 2147483647;
			files = (
			);
			runOnlyForDeploymentPostprocessing = 0;
		};
/* End PBXResourcesBuildPhase section */

/* Begin PBXSourcesBuildPhase section */
		40A71FF92B4E8E1800B3836F /* Sources */ = {
			isa = PBXSourcesBuildPhase;
			buildActionMask = 2147483647;
			files = (
				40A720032B4E8E1800B3836F /* ContentView.swift in Sources */,
				40A720312B4EAF6D00B3836F /* Game.swift in Sources */,
				40A7202B2B4E909600B3836F /* AddItemView.swift in Sources */,
				40A7202F2B4EADCE00B3836F /* LootItem.swift in Sources */,
				40A720012B4E8E1800B3836F /* LootApp.swift in Sources */,
			);
			runOnlyForDeploymentPostprocessing = 0;
		};
		40A720092B4E8E1B00B3836F /* Sources */ = {
			isa = PBXSourcesBuildPhase;
			buildActionMask = 2147483647;
			files = (
				40A720122B4E8E1B00B3836F /* LootTests.swift in Sources */,
			);
			runOnlyForDeploymentPostprocessing = 0;
		};
		40A720132B4E8E1B00B3836F /* Sources */ = {
			isa = PBXSourcesBuildPhase;
			buildActionMask = 2147483647;
			files = (
				40A7201E2B4E8E1B00B3836F /* LootUITestsLaunchTests.swift in Sources */,
				40A7201C2B4E8E1B00B3836F /* LootUITests.swift in Sources */,
			);
			runOnlyForDeploymentPostprocessing = 0;
		};
/* End PBXSourcesBuildPhase section */

/* Begin PBXTargetDependency section */
		40A7200F2B4E8E1B00B3836F /* PBXTargetDependency */ = {
			isa = PBXTargetDependency;
			target = 40A71FFC2B4E8E1800B3836F /* Loot */;
			targetProxy = 40A7200E2B4E8E1B00B3836F /* PBXContainerItemProxy */;
		};
		40A720192B4E8E1B00B3836F /* PBXTargetDependency */ = {
			isa = PBXTargetDependency;
			target = 40A71FFC2B4E8E1800B3836F /* Loot */;
			targetProxy = 40A720182B4E8E1B00B3836F /* PBXContainerItemProxy */;
		};
/* End PBXTargetDependency section */

/* Begin XCBuildConfiguration section */
		40A7201F2B4E8E1B00B3836F /* Debug */ = {
			isa = XCBuildConfiguration;
			buildSettings = {
				ALWAYS_SEARCH_USER_PATHS = NO;
				CLANG_ANALYZER_NONNULL = YES;
				CLANG_ANALYZER_NUMBER_OBJECT_CONVERSION = YES_AGGRESSIVE;
				CLANG_CXX_LANGUAGE_STANDARD = "gnu++20";
				CLANG_ENABLE_MODULES = YES;
				CLANG_ENABLE_OBJC_ARC = YES;
				CLANG_ENABLE_OBJC_WEAK = YES;
				CLANG_WARN_BLOCK_CAPTURE_AUTORELEASING = YES;
				CLANG_WARN_BOOL_CONVERSION = YES;
				CLANG_WARN_COMMA = YES;
				CLANG_WARN_CONSTANT_CONVERSION = YES;
				CLANG_WARN_DEPRECATED_OBJC_IMPLEMENTATIONS = YES;
				CLANG_WARN_DIRECT_OBJC_ISA_USAGE = YES_ERROR;
				CLANG_WARN_DOCUMENTATION_COMMENTS = YES;
				CLANG_WARN_EMPTY_BODY = YES;
				CLANG_WARN_ENUM_CONVERSION = YES;
				CLANG_WARN_INFINITE_RECURSION = YES;
				CLANG_WARN_INT_CONVERSION = YES;
				CLANG_WARN_NON_LITERAL_NULL_CONVERSION = YES;
				CLANG_WARN_OBJC_IMPLICIT_RETAIN_SELF = YES;
				CLANG_WARN_OBJC_LITERAL_CONVERSION = YES;
				CLANG_WARN_OBJC_ROOT_CLASS = YES_ERROR;
				CLANG_WARN_QUOTED_INCLUDE_IN_FRAMEWORK_HEADER = YES;
				CLANG_WARN_RANGE_LOOP_ANALYSIS = YES;
				CLANG_WARN_STRICT_PROTOTYPES = YES;
				CLANG_WARN_SUSPICIOUS_MOVE = YES;
				CLANG_WARN_UNGUARDED_AVAILABILITY = YES_AGGRESSIVE;
				CLANG_WARN_UNREACHABLE_CODE = YES;
				CLANG_WARN__DUPLICATE_METHOD_MATCH = YES;
				COPY_PHASE_STRIP = NO;
				DEBUG_INFORMATION_FORMAT = dwarf;
				ENABLE_STRICT_OBJC_MSGSEND = YES;
				ENABLE_TESTABILITY = YES;
				GCC_C_LANGUAGE_STANDARD = gnu11;
				GCC_DYNAMIC_NO_PIC = NO;
				GCC_NO_COMMON_BLOCKS = YES;
				GCC_OPTIMIZATION_LEVEL = 0;
				GCC_PREPROCESSOR_DEFINITIONS = (
					"DEBUG=1",
					"$(inherited)",
				);
				GCC_WARN_64_TO_32_BIT_CONVERSION = YES;
				GCC_WARN_ABOUT_RETURN_TYPE = YES_ERROR;
				GCC_WARN_UNDECLARED_SELECTOR = YES;
				GCC_WARN_UNINITIALIZED_AUTOS = YES_AGGRESSIVE;
				GCC_WARN_UNUSED_FUNCTION = YES;
				GCC_WARN_UNUSED_VARIABLE = YES;
				IPHONEOS_DEPLOYMENT_TARGET = 16.2;
				MTL_ENABLE_DEBUG_INFO = INCLUDE_SOURCE;
				MTL_FAST_MATH = YES;
				ONLY_ACTIVE_ARCH = YES;
				SDKROOT = iphoneos;
				SWIFT_ACTIVE_COMPILATION_CONDITIONS = DEBUG;
				SWIFT_OPTIMIZATION_LEVEL = "-Onone";
			};
			name = Debug;
		};
		40A720202B4E8E1B00B3836F /* Release */ = {
			isa = XCBuildConfiguration;
			buildSettings = {
				ALWAYS_SEARCH_USER_PATHS = NO;
				CLANG_ANALYZER_NONNULL = YES;
				CLANG_ANALYZER_NUMBER_OBJECT_CONVERSION = YES_AGGRESSIVE;
				CLANG_CXX_LANGUAGE_STANDARD = "gnu++20";
				CLANG_ENABLE_MODULES = YES;
				CLANG_ENABLE_OBJC_ARC = YES;
				CLANG_ENABLE_OBJC_WEAK = YES;
				CLANG_WARN_BLOCK_CAPTURE_AUTORELEASING = YES;
				CLANG_WARN_BOOL_CONVERSION = YES;
				CLANG_WARN_COMMA = YES;
				CLANG_WARN_CONSTANT_CONVERSION = YES;
				CLANG_WARN_DEPRECATED_OBJC_IMPLEMENTATIONS = YES;
				CLANG_WARN_DIRECT_OBJC_ISA_USAGE = YES_ERROR;
				CLANG_WARN_DOCUMENTATION_COMMENTS = YES;
				CLANG_WARN_EMPTY_BODY = YES;
				CLANG_WARN_ENUM_CONVERSION = YES;
				CLANG_WARN_INFINITE_RECURSION = YES;
				CLANG_WARN_INT_CONVERSION = YES;
				CLANG_WARN_NON_LITERAL_NULL_CONVERSION = YES;
				CLANG_WARN_OBJC_IMPLICIT_RETAIN_SELF = YES;
				CLANG_WARN_OBJC_LITERAL_CONVERSION = YES;
				CLANG_WARN_OBJC_ROOT_CLASS = YES_ERROR;
				CLANG_WARN_QUOTED_INCLUDE_IN_FRAMEWORK_HEADER = YES;
				CLANG_WARN_RANGE_LOOP_ANALYSIS = YES;
				CLANG_WARN_STRICT_PROTOTYPES = YES;
				CLANG_WARN_SUSPICIOUS_MOVE = YES;
				CLANG_WARN_UNGUARDED_AVAILABILITY = YES_AGGRESSIVE;
				CLANG_WARN_UNREACHABLE_CODE = YES;
				CLANG_WARN__DUPLICATE_METHOD_MATCH = YES;
				COPY_PHASE_STRIP = NO;
				DEBUG_INFORMATION_FORMAT = "dwarf-with-dsym";
				ENABLE_NS_ASSERTIONS = NO;
				ENABLE_STRICT_OBJC_MSGSEND = YES;
				GCC_C_LANGUAGE_STANDARD = gnu11;
				GCC_NO_COMMON_BLOCKS = YES;
				GCC_WARN_64_TO_32_BIT_CONVERSION = YES;
				GCC_WARN_ABOUT_RETURN_TYPE = YES_ERROR;
				GCC_WARN_UNDECLARED_SELECTOR = YES;
				GCC_WARN_UNINITIALIZED_AUTOS = YES_AGGRESSIVE;
				GCC_WARN_UNUSED_FUNCTION = YES;
				GCC_WARN_UNUSED_VARIABLE = YES;
				IPHONEOS_DEPLOYMENT_TARGET = 16.2;
				MTL_ENABLE_DEBUG_INFO = NO;
				MTL_FAST_MATH = YES;
				SDKROOT = iphoneos;
				SWIFT_COMPILATION_MODE = wholemodule;
				SWIFT_OPTIMIZATION_LEVEL = "-O";
				VALIDATE_PRODUCT = YES;
			};
			name = Release;
		};
		40A720222B4E8E1B00B3836F /* Debug */ = {
			isa = XCBuildConfiguration;
			buildSettings = {
				ASSETCATALOG_COMPILER_APPICON_NAME = AppIcon;
				ASSETCATALOG_COMPILER_GLOBAL_ACCENT_COLOR_NAME = AccentColor;
				CODE_SIGN_STYLE = Automatic;
				CURRENT_PROJECT_VERSION = 1;
				DEVELOPMENT_ASSET_PATHS = "\"Loot/Preview Content\"";
				ENABLE_PREVIEWS = YES;
				GENERATE_INFOPLIST_FILE = YES;
				INFOPLIST_KEY_UIApplicationSceneManifest_Generation = YES;
				INFOPLIST_KEY_UIApplicationSupportsIndirectInputEvents = YES;
				INFOPLIST_KEY_UILaunchScreen_Generation = YES;
				INFOPLIST_KEY_UISupportedInterfaceOrientations_iPad = "UIInterfaceOrientationPortrait UIInterfaceOrientationPortraitUpsideDown UIInterfaceOrientationLandscapeLeft UIInterfaceOrientationLandscapeRight";
				INFOPLIST_KEY_UISupportedInterfaceOrientations_iPhone = "UIInterfaceOrientationPortrait UIInterfaceOrientationLandscapeLeft UIInterfaceOrientationLandscapeRight";
				LD_RUNPATH_SEARCH_PATHS = (
					"$(inherited)",
					"@executable_path/Frameworks",
				);
				MARKETING_VERSION = 1.0;
				PRODUCT_BUNDLE_IDENTIFIER = humblots.Loot;
				PRODUCT_NAME = "$(TARGET_NAME)";
				SWIFT_EMIT_LOC_STRINGS = YES;
				SWIFT_VERSION = 5.0;
				TARGETED_DEVICE_FAMILY = "1,2";
			};
			name = Debug;
		};
		40A720232B4E8E1B00B3836F /* Release */ = {
			isa = XCBuildConfiguration;
			buildSettings = {
				ASSETCATALOG_COMPILER_APPICON_NAME = AppIcon;
				ASSETCATALOG_COMPILER_GLOBAL_ACCENT_COLOR_NAME = AccentColor;
				CODE_SIGN_STYLE = Automatic;
				CURRENT_PROJECT_VERSION = 1;
				DEVELOPMENT_ASSET_PATHS = "\"Loot/Preview Content\"";
				ENABLE_PREVIEWS = YES;
				GENERATE_INFOPLIST_FILE = YES;
				INFOPLIST_KEY_UIApplicationSceneManifest_Generation = YES;
				INFOPLIST_KEY_UIApplicationSupportsIndirectInputEvents = YES;
				INFOPLIST_KEY_UILaunchScreen_Generation = YES;
				INFOPLIST_KEY_UISupportedInterfaceOrientations_iPad = "UIInterfaceOrientationPortrait UIInterfaceOrientationPortraitUpsideDown UIInterfaceOrientationLandscapeLeft UIInterfaceOrientationLandscapeRight";
				INFOPLIST_KEY_UISupportedInterfaceOrientations_iPhone = "UIInterfaceOrientationPortrait UIInterfaceOrientationLandscapeLeft UIInterfaceOrientationLandscapeRight";
				LD_RUNPATH_SEARCH_PATHS = (
					"$(inherited)",
					"@executable_path/Frameworks",
				);
				MARKETING_VERSION = 1.0;
				PRODUCT_BUNDLE_IDENTIFIER = humblots.Loot;
				PRODUCT_NAME = "$(TARGET_NAME)";
				SWIFT_EMIT_LOC_STRINGS = YES;
				SWIFT_VERSION = 5.0;
				TARGETED_DEVICE_FAMILY = "1,2";
			};
			name = Release;
		};
		40A720252B4E8E1B00B3836F /* Debug */ = {
			isa = XCBuildConfiguration;
			buildSettings = {
				ALWAYS_EMBED_SWIFT_STANDARD_LIBRARIES = YES;
				BUNDLE_LOADER = "$(TEST_HOST)";
				CODE_SIGN_STYLE = Automatic;
				CURRENT_PROJECT_VERSION = 1;
				GENERATE_INFOPLIST_FILE = YES;
				IPHONEOS_DEPLOYMENT_TARGET = 16.2;
				MARKETING_VERSION = 1.0;
				PRODUCT_BUNDLE_IDENTIFIER = humblots.LootTests;
				PRODUCT_NAME = "$(TARGET_NAME)";
				SWIFT_EMIT_LOC_STRINGS = NO;
				SWIFT_VERSION = 5.0;
				TARGETED_DEVICE_FAMILY = "1,2";
				TEST_HOST = "$(BUILT_PRODUCTS_DIR)/Loot.app/$(BUNDLE_EXECUTABLE_FOLDER_PATH)/Loot";
			};
			name = Debug;
		};
		40A720262B4E8E1B00B3836F /* Release */ = {
			isa = XCBuildConfiguration;
			buildSettings = {
				ALWAYS_EMBED_SWIFT_STANDARD_LIBRARIES = YES;
				BUNDLE_LOADER = "$(TEST_HOST)";
				CODE_SIGN_STYLE = Automatic;
				CURRENT_PROJECT_VERSION = 1;
				GENERATE_INFOPLIST_FILE = YES;
				IPHONEOS_DEPLOYMENT_TARGET = 16.2;
				MARKETING_VERSION = 1.0;
				PRODUCT_BUNDLE_IDENTIFIER = humblots.LootTests;
				PRODUCT_NAME = "$(TARGET_NAME)";
				SWIFT_EMIT_LOC_STRINGS = NO;
				SWIFT_VERSION = 5.0;
				TARGETED_DEVICE_FAMILY = "1,2";
				TEST_HOST = "$(BUILT_PRODUCTS_DIR)/Loot.app/$(BUNDLE_EXECUTABLE_FOLDER_PATH)/Loot";
			};
			name = Release;
		};
		40A720282B4E8E1B00B3836F /* Debug */ = {
			isa = XCBuildConfiguration;
			buildSettings = {
				ALWAYS_EMBED_SWIFT_STANDARD_LIBRARIES = YES;
				CODE_SIGN_STYLE = Automatic;
				CURRENT_PROJECT_VERSION = 1;
				GENERATE_INFOPLIST_FILE = YES;
				MARKETING_VERSION = 1.0;
				PRODUCT_BUNDLE_IDENTIFIER = humblots.LootUITests;
				PRODUCT_NAME = "$(TARGET_NAME)";
				SWIFT_EMIT_LOC_STRINGS = NO;
				SWIFT_VERSION = 5.0;
				TARGETED_DEVICE_FAMILY = "1,2";
				TEST_TARGET_NAME = Loot;
			};
			name = Debug;
		};
		40A720292B4E8E1B00B3836F /* Release */ = {
			isa = XCBuildConfiguration;
			buildSettings = {
				ALWAYS_EMBED_SWIFT_STANDARD_LIBRARIES = YES;
				CODE_SIGN_STYLE = Automatic;
				CURRENT_PROJECT_VERSION = 1;
				GENERATE_INFOPLIST_FILE = YES;
				MARKETING_VERSION = 1.0;
				PRODUCT_BUNDLE_IDENTIFIER = humblots.LootUITests;
				PRODUCT_NAME = "$(TARGET_NAME)";
				SWIFT_EMIT_LOC_STRINGS = NO;
				SWIFT_VERSION = 5.0;
				TARGETED_DEVICE_FAMILY = "1,2";
				TEST_TARGET_NAME = Loot;
			};
			name = Release;
		};
/* End XCBuildConfiguration section */

/* Begin XCConfigurationList section */
		40A71FF82B4E8E1800B3836F /* Build configuration list for PBXProject "Loot" */ = {
			isa = XCConfigurationList;
			buildConfigurations = (
				40A7201F2B4E8E1B00B3836F /* Debug */,
				40A720202B4E8E1B00B3836F /* Release */,
			);
			defaultConfigurationIsVisible = 0;
			defaultConfigurationName = Release;
		};
		40A720212B4E8E1B00B3836F /* Build configuration list for PBXNativeTarget "Loot" */ = {
			isa = XCConfigurationList;
			buildConfigurations = (
				40A720222B4E8E1B00B3836F /* Debug */,
				40A720232B4E8E1B00B3836F /* Release */,
			);
			defaultConfigurationIsVisible = 0;
			defaultConfigurationName = Release;
		};
		40A720242B4E8E1B00B3836F /* Build configuration list for PBXNativeTarget "LootTests" */ = {
			isa = XCConfigurationList;
			buildConfigurations = (
				40A720252B4E8E1B00B3836F /* Debug */,
				40A720262B4E8E1B00B3836F /* Release */,
			);
			defaultConfigurationIsVisible = 0;
			defaultConfigurationName = Release;
		};
		40A720272B4E8E1B00B3836F /* Build configuration list for PBXNativeTarget "LootUITests" */ = {
			isa = XCConfigurationList;
			buildConfigurations = (
				40A720282B4E8E1B00B3836F /* Debug */,
				40A720292B4E8E1B00B3836F /* Release */,
			);
			defaultConfigurationIsVisible = 0;
			defaultConfigurationName = Release;
		};
/* End XCConfigurationList section */
	};
	rootObject = 40A71FF52B4E8E1800B3836F /* Project object */;
}
